// !$*UTF8*$!
{
	archiveVersion = 1;
	classes = {
	};
	objectVersion = 46;
	objects = {

/* Begin PBXBuildFile section */
		DD67D0681B0037D800C05B64 /* AppDelegate.swift in Sources */ = {isa = PBXBuildFile; fileRef = DD67D0671B0037D800C05B64 /* AppDelegate.swift */; };
		DD67D06A1B0037D800C05B64 /* ViewController.swift in Sources */ = {isa = PBXBuildFile; fileRef = DD67D0691B0037D800C05B64 /* ViewController.swift */; };
		DD67D06D1B0037D800C05B64 /* Main.storyboard in Resources */ = {isa = PBXBuildFile; fileRef = DD67D06B1B0037D800C05B64 /* Main.storyboard */; };
		DD67D06F1B0037D800C05B64 /* Images.xcassets in Resources */ = {isa = PBXBuildFile; fileRef = DD67D06E1B0037D800C05B64 /* Images.xcassets */; };
		DD67D0721B0037D800C05B64 /* LaunchScreen.xib in Resources */ = {isa = PBXBuildFile; fileRef = DD67D0701B0037D800C05B64 /* LaunchScreen.xib */; };
		DD67D07E1B0037D800C05B64 /* TipCalcTests.swift in Sources */ = {isa = PBXBuildFile; fileRef = DD67D07D1B0037D800C05B64 /* TipCalcTests.swift */; };
/* End PBXBuildFile section */

/* Begin PBXContainerItemProxy section */
		DD67D0781B0037D800C05B64 /* PBXContainerItemProxy */ = {
			isa = PBXContainerItemProxy;
			containerPortal = DD67D05A1B0037D800C05B64 /* Project object */;
			proxyType = 1;
			remoteGlobalIDString = DD67D0611B0037D800C05B64;
			remoteInfo = TipCalc;
		};
/* End PBXContainerItemProxy section */

/* Begin PBXFileReference section */
		DD67D0621B0037D800C05B64 /* TipCalc.app */ = {isa = PBXFileReference; explicitFileType = wrapper.application; includeInIndex = 0; path = TipCalc.app; sourceTree = BUILT_PRODUCTS_DIR; };
		DD67D0661B0037D800C05B64 /* Info.plist */ = {isa = PBXFileReference; lastKnownFileType = text.plist.xml; path = Info.plist; sourceTree = "<group>"; };
		DD67D0671B0037D800C05B64 /* AppDelegate.swift */ = {isa = PBXFileReference; lastKnownFileType = sourcecode.swift; path = AppDelegate.swift; sourceTree = "<group>"; };
		DD67D0691B0037D800C05B64 /* ViewController.swift */ = {isa = PBXFileReference; lastKnownFileType = sourcecode.swift; path = ViewController.swift; sourceTree = "<group>"; };
		DD67D06C1B0037D800C05B64 /* Base */ = {isa = PBXFileReference; lastKnownFileType = file.storyboard; name = Base; path = Base.lproj/Main.storyboard; sourceTree = "<group>"; };
		DD67D06E1B0037D800C05B64 /* Images.xcassets */ = {isa = PBXFileReference; lastKnownFileType = folder.assetcatalog; path = Images.xcassets; sourceTree = "<group>"; };
		DD67D0711B0037D800C05B64 /* Base */ = {isa = PBXFileReference; lastKnownFileType = file.xib; name = Base; path = Base.lproj/LaunchScreen.xib; sourceTree = "<group>"; };
		DD67D0771B0037D800C05B64 /* TipCalcTests.xctest */ = {isa = PBXFileReference; explicitFileType = wrapper.cfbundle; includeInIndex = 0; path = TipCalcTests.xctest; sourceTree = BUILT_PRODUCTS_DIR; };
		DD67D07C1B0037D800C05B64 /* Info.plist */ = {isa = PBXFileReference; lastKnownFileType = text.plist.xml; path = Info.plist; sourceTree = "<group>"; };
		DD67D07D1B0037D800C05B64 /* TipCalcTests.swift */ = {isa = PBXFileReference; lastKnownFileType = sourcecode.swift; path = TipCalcTests.swift; sourceTree = "<group>"; };
/* End PBXFileReference section */

/* Begin PBXFrameworksBuildPhase section */
		DD67D05F1B0037D800C05B64 /* Frameworks */ = {
			isa = PBXFrameworksBuildPhase;
			buildActionMask = 2147483647;
			files = (
			);
			runOnlyForDeploymentPostprocessing = 0;
		};
		DD67D0741B0037D800C05B64 /* Frameworks */ = {
			isa = PBXFrameworksBuildPhase;
			buildActionMask = 2147483647;
			files = (
			);
			runOnlyForDeploymentPostprocessing = 0;
		};
/* End PBXFrameworksBuildPhase section */

/* Begin PBXGroup section */
		DD67D0591B0037D800C05B64 = {
			isa = PBXGroup;
			children = (
				DD67D0641B0037D800C05B64 /* TipCalc */,
				DD67D07A1B0037D800C05B64 /* TipCalcTests */,
				DD67D0631B0037D800C05B64 /* Products */,
			);
			sourceTree = "<group>";
		};
		DD67D0631B0037D800C05B64 /* Products */ = {
			isa = PBXGroup;
			children = (
				DD67D0621B0037D800C05B64 /* TipCalc.app */,
				DD67D0771B0037D800C05B64 /* TipCalcTests.xctest */,
			);
			name = Products;
			sourceTree = "<group>";
		};
		DD67D0641B0037D800C05B64 /* TipCalc */ = {
			isa = PBXGroup;
			children = (
				DD67D0671B0037D800C05B64 /* AppDelegate.swift */,
				DD67D0691B0037D800C05B64 /* ViewController.swift */,
				DD67D06B1B0037D800C05B64 /* Main.storyboard */,
				DD67D06E1B0037D800C05B64 /* Images.xcassets */,
				DD67D0701B0037D800C05B64 /* LaunchScreen.xib */,
				DD67D0651B0037D800C05B64 /* Supporting Files */,
			);
			path = TipCalc;
			sourceTree = "<group>";
		};
		DD67D0651B0037D800C05B64 /* Supporting Files */ = {
			isa = PBXGroup;
			children = (
				DD67D0661B0037D800C05B64 /* Info.plist */,
			);
			name = "Supporting Files";
			sourceTree = "<group>";
		};
		DD67D07A1B0037D800C05B64 /* TipCalcTests */ = {
			isa = PBXGroup;
			children = (
				DD67D07D1B0037D800C05B64 /* TipCalcTests.swift */,
				DD67D07B1B0037D800C05B64 /* Supporting Files */,
			);
			path = TipCalcTests;
			sourceTree = "<group>";
		};
		DD67D07B1B0037D800C05B64 /* Supporting Files */ = {
			isa = PBXGroup;
			children = (
				DD67D07C1B0037D800C05B64 /* Info.plist */,
			);
			name = "Supporting Files";
			sourceTree = "<group>";
		};
/* End PBXGroup section */

/* Begin PBXNativeTarget section */
		DD67D0611B0037D800C05B64 /* TipCalc */ = {
			isa = PBXNativeTarget;
			buildConfigurationList = DD67D0811B0037D800C05B64 /* Build configuration list for PBXNativeTarget "TipCalc" */;
			buildPhases = (
				DD67D05E1B0037D800C05B64 /* Sources */,
				DD67D05F1B0037D800C05B64 /* Frameworks */,
				DD67D0601B0037D800C05B64 /* Resources */,
			);
			buildRules = (
			);
			dependencies = (
			);
			name = TipCalc;
			productName = TipCalc;
			productReference = DD67D0621B0037D800C05B64 /* TipCalc.app */;
			productType = "com.apple.product-type.application";
		};
		DD67D0761B0037D800C05B64 /* TipCalcTests */ = {
			isa = PBXNativeTarget;
			buildConfigurationList = DD67D0841B0037D800C05B64 /* Build configuration list for PBXNativeTarget "TipCalcTests" */;
			buildPhases = (
				DD67D0731B0037D800C05B64 /* Sources */,
				DD67D0741B0037D800C05B64 /* Frameworks */,
				DD67D0751B0037D800C05B64 /* Resources */,
			);
			buildRules = (
			);
			dependencies = (
				DD67D0791B0037D800C05B64 /* PBXTargetDependency */,
			);
			name = TipCalcTests;
			productName = TipCalcTests;
			productReference = DD67D0771B0037D800C05B64 /* TipCalcTests.xctest */;
			productType = "com.apple.product-type.bundle.unit-test";
		};
/* End PBXNativeTarget section */

/* Begin PBXProject section */
		DD67D05A1B0037D800C05B64 /* Project object */ = {
			isa = PBXProject;
			attributes = {
				LastUpgradeCheck = 0630;
				ORGANIZATIONNAME = "Casey Morris";
				TargetAttributes = {
					DD67D0611B0037D800C05B64 = {
						CreatedOnToolsVersion = 6.3.1;
					};
					DD67D0761B0037D800C05B64 = {
						CreatedOnToolsVersion = 6.3.1;
						TestTargetID = DD67D0611B0037D800C05B64;
					};
				};
			};
			buildConfigurationList = DD67D05D1B0037D800C05B64 /* Build configuration list for PBXProject "TipCalc" */;
			compatibilityVersion = "Xcode 3.2";
			developmentRegion = English;
			hasScannedForEncodings = 0;
			knownRegions = (
				en,
				Base,
			);
			mainGroup = DD67D0591B0037D800C05B64;
			productRefGroup = DD67D0631B0037D800C05B64 /* Products */;
			projectDirPath = "";
			projectRoot = "";
			targets = (
				DD67D0611B0037D800C05B64 /* TipCalc */,
				DD67D0761B0037D800C05B64 /* TipCalcTests */,
			);
		};
/* End PBXProject section */

/* Begin PBXResourcesBuildPhase section */
		DD67D0601B0037D800C05B64 /* Resources */ = {
			isa = PBXResourcesBuildPhase;
			buildActionMask = 2147483647;
			files = (
				DD67D06D1B0037D800C05B64 /* Main.storyboard in Resources */,
				DD67D0721B0037D800C05B64 /* LaunchScreen.xib in Resources */,
				DD67D06F1B0037D800C05B64 /* Images.xcassets in Resources */,
			);
			runOnlyForDeploymentPostprocessing = 0;
		};
		DD67D0751B0037D800C05B64 /* Resources */ = {
			isa = PBXResourcesBuildPhase;
			buildActionMask = 2147483647;
			files = (
			);
			runOnlyForDeploymentPostprocessing = 0;
		};
/* End PBXResourcesBuildPhase section */

/* Begin PBXSourcesBuildPhase section */
		DD67D05E1B0037D800C05B64 /* Sources */ = {
			isa = PBXSourcesBuildPhase;
			buildActionMask = 2147483647;
			files = (
				DD67D06A1B0037D800C05B64 /* ViewController.swift in Sources */,
				DD67D0681B0037D800C05B64 /* AppDelegate.swift in Sources */,
			);
			runOnlyForDeploymentPostprocessing = 0;
		};
		DD67D0731B0037D800C05B64 /* Sources */ = {
			isa = PBXSourcesBuildPhase;
			buildActionMask = 2147483647;
			files = (
				DD67D07E1B0037D800C05B64 /* TipCalcTests.swift in Sources */,
			);
			runOnlyForDeploymentPostprocessing = 0;
		};
/* End PBXSourcesBuildPhase section */

/* Begin PBXTargetDependency section */
		DD67D0791B0037D800C05B64 /* PBXTargetDependency */ = {
			isa = PBXTargetDependency;
			target = DD67D0611B0037D800C05B64 /* TipCalc */;
			targetProxy = DD67D0781B0037D800C05B64 /* PBXContainerItemProxy */;
		};
/* End PBXTargetDependency section */

/* Begin PBXVariantGroup section */
		DD67D06B1B0037D800C05B64 /* Main.storyboard */ = {
			isa = PBXVariantGroup;
			children = (
				DD67D06C1B0037D800C05B64 /* Base */,
			);
			name = Main.storyboard;
			sourceTree = "<group>";
		};
		DD67D0701B0037D800C05B64 /* LaunchScreen.xib */ = {
			isa = PBXVariantGroup;
			children = (
				DD67D0711B0037D800C05B64 /* Base */,
			);
			name = LaunchScreen.xib;
			sourceTree = "<group>";
		};
/* End PBXVariantGroup section */

/* Begin XCBuildConfiguration section */
		DD67D07F1B0037D800C05B64 /* Debug */ = {
			isa = XCBuildConfiguration;
			buildSettings = {
				ALWAYS_SEARCH_USER_PATHS = NO;
				CLANG_CXX_LANGUAGE_STANDARD = "gnu++0x";
				CLANG_CXX_LIBRARY = "libc++";
				CLANG_ENABLE_MODULES = YES;
				CLANG_ENABLE_OBJC_ARC = YES;
				CLANG_WARN_BOOL_CONVERSION = YES;
				CLANG_WARN_CONSTANT_CONVERSION = YES;
				CLANG_WARN_DIRECT_OBJC_ISA_USAGE = YES_ERROR;
				CLANG_WARN_EMPTY_BODY = YES;
				CLANG_WARN_ENUM_CONVERSION = YES;
				CLANG_WARN_INT_CONVERSION = YES;
				CLANG_WARN_OBJC_ROOT_CLASS = YES_ERROR;
				CLANG_WARN_UNREACHABLE_CODE = YES;
				CLANG_WARN__DUPLICATE_METHOD_MATCH = YES;
				"CODE_SIGN_IDENTITY[sdk=iphoneos*]" = "iPhone Developer";
				COPY_PHASE_STRIP = NO;
				DEBUG_INFORMATION_FORMAT = "dwarf-with-dsym";
				ENABLE_STRICT_OBJC_MSGSEND = YES;
				GCC_C_LANGUAGE_STANDARD = gnu99;
				GCC_DYNAMIC_NO_PIC = NO;
				GCC_NO_COMMON_BLOCKS = YES;
				GCC_OPTIMIZATION_LEVEL = 0;
				GCC_PREPROCESSOR_DEFINITIONS = (
					"DEBUG=1",
					"$(inherited)",
				);
				GCC_SYMBOLS_PRIVATE_EXTERN = NO;
				GCC_WARN_64_TO_32_BIT_CONVERSION = YES;
				GCC_WARN_ABOUT_RETURN_TYPE = YES_ERROR;
				GCC_WARN_UNDECLARED_SELECTOR = YES;
				GCC_WARN_UNINITIALIZED_AUTOS = YES_AGGRESSIVE;
				GCC_WARN_UNUSED_FUNCTION = YES;
				GCC_WARN_UNUSED_VARIABLE = YES;
				IPHONEOS_DEPLOYMENT_TARGET = 8.3;
				MTL_ENABLE_DEBUG_INFO = YES;
				ONLY_ACTIVE_ARCH = YES;
				SDKROOT = iphoneos;
				SWIFT_OPTIMIZATION_LEVEL = "-Onone";
			};
			name = Debug;
		};
		DD67D0801B0037D800C05B64 /* Release */ = {
			isa = XCBuildConfiguration;
			buildSettings = {
				ALWAYS_SEARCH_USER_PATHS = NO;
				CLANG_CXX_LANGUAGE_STANDARD = "gnu++0x";
				CLANG_CXX_LIBRARY = "libc++";
				CLANG_ENABLE_MODULES = YES;
				CLANG_ENABLE_OBJC_ARC = YES;
				CLANG_WARN_BOOL_CONVERSION = YES;
				CLANG_WARN_CONSTANT_CONVERSION = YES;
				CLANG_WARN_DIRECT_OBJC_ISA_USAGE = YES_ERROR;
				CLANG_WARN_EMPTY_BODY = YES;
				CLANG_WARN_ENUM_CONVERSION = YES;
				CLANG_WARN_INT_CONVERSION = YES;
				CLANG_WARN_OBJC_ROOT_CLASS = YES_ERROR;
				CLANG_WARN_UNREACHABLE_CODE = YES;
				CLANG_WARN__DUPLICATE_METHOD_MATCH = YES;
				"CODE_SIGN_IDENTITY[sdk=iphoneos*]" = "iPhone Developer";
				COPY_PHASE_STRIP = NO;
				DEBUG_INFORMATION_FORMAT = "dwarf-with-dsym";
				ENABLE_NS_ASSERTIONS = NO;
				ENABLE_STRICT_OBJC_MSGSEND = YES;
				GCC_C_LANGUAGE_STANDARD = gnu99;
				GCC_NO_COMMON_BLOCKS = YES;
				GCC_WARN_64_TO_32_BIT_CONVERSION = YES;
				GCC_WARN_ABOUT_RETURN_TYPE = YES_ERROR;
				GCC_WARN_UNDECLARED_SELECTOR = YES;
				GCC_WARN_UNINITIALIZED_AUTOS = YES_AGGRESSIVE;
				GCC_WARN_UNUSED_FUNCTION = YES;
				GCC_WARN_UNUSED_VARIABLE = YES;
				IPHONEOS_DEPLOYMENT_TARGET = 8.3;
				MTL_ENABLE_DEBUG_INFO = NO;
				SDKROOT = iphoneos;
				VALIDATE_PRODUCT = YES;
			};
			name = Release;
		};
		DD67D0821B0037D800C05B64 /* Debug */ = {
			isa = XCBuildConfiguration;
			buildSettings = {
				ASSETCATALOG_COMPILER_APPICON_NAME = AppIcon;
				INFOPLIST_FILE = TipCalc/Info.plist;
				LD_RUNPATH_SEARCH_PATHS = "$(inherited) @executable_path/Frameworks";
				PRODUCT_NAME = "$(TARGET_NAME)";
			};
			name = Debug;
		};
		DD67D0831B0037D800C05B64 /* Release */ = {
			isa = XCBuildConfiguration;
			buildSettings = {
				ASSETCATALOG_COMPILER_APPICON_NAME = AppIcon;
				INFOPLIST_FILE = TipCalc/Info.plist;
				LD_RUNPATH_SEARCH_PATHS = "$(inherited) @executable_path/Frameworks";
				PRODUCT_NAME = "$(TARGET_NAME)";
			};
			name = Release;
		};
		DD67D0851B0037D800C05B64 /* Debug */ = {
			isa = XCBuildConfiguration;
			buildSettings = {
				BUNDLE_LOADER = "$(TEST_HOST)";
				FRAMEWORK_SEARCH_PATHS = (
					"$(SDKROOT)/Developer/Library/Frameworks",
					"$(inherited)",
				);
				GCC_PREPROCESSOR_DEFINITIONS = (
					"DEBUG=1",
					"$(inherited)",
				);
				INFOPLIST_FILE = TipCalcTests/Info.plist;
				LD_RUNPATH_SEARCH_PATHS = "$(inherited) @executable_path/Frameworks @loader_path/Frameworks";
				PRODUCT_NAME = "$(TARGET_NAME)";
				TEST_HOST = "$(BUILT_PRODUCTS_DIR)/TipCalc.app/TipCalc";
			};
			name = Debug;
		};
		DD67D0861B0037D800C05B64 /* Release */ = {
			isa = XCBuildConfiguration;
			buildSettings = {
				BUNDLE_LOADER = "$(TEST_HOST)";
				FRAMEWORK_SEARCH_PATHS = (
					"$(SDKROOT)/Developer/Library/Frameworks",
					"$(inherited)",
				);
				INFOPLIST_FILE = TipCalcTests/Info.plist;
				LD_RUNPATH_SEARCH_PATHS = "$(inherited) @executable_path/Frameworks @loader_path/Frameworks";
				PRODUCT_NAME = "$(TARGET_NAME)";
				TEST_HOST = "$(BUILT_PRODUCTS_DIR)/TipCalc.app/TipCalc";
			};
			name = Release;
		};
/* End XCBuildConfiguration section */

/* Begin XCConfigurationList section */
		DD67D05D1B0037D800C05B64 /* Build configuration list for PBXProject "TipCalc" */ = {
			isa = XCConfigurationList;
			buildConfigurations = (
				DD67D07F1B0037D800C05B64 /* Debug */,
				DD67D0801B0037D800C05B64 /* Release */,
			);
			defaultConfigurationIsVisible = 0;
			defaultConfigurationName = Release;
		};
		DD67D0811B0037D800C05B64 /* Build configuration list for PBXNativeTarget "TipCalc" */ = {
			isa = XCConfigurationList;
			buildConfigurations = (
				DD67D0821B0037D800C05B64 /* Debug */,
				DD67D0831B0037D800C05B64 /* Release */,
			);
			defaultConfigurationIsVisible = 0;
		};
		DD67D0841B0037D800C05B64 /* Build configuration list for PBXNativeTarget "TipCalcTests" */ = {
			isa = XCConfigurationList;
			buildConfigurations = (
				DD67D0851B0037D800C05B64 /* Debug */,
				DD67D0861B0037D800C05B64 /* Release */,
			);
			defaultConfigurationIsVisible = 0;
		};
/* End XCConfigurationList section */
	};
	rootObject = DD67D05A1B0037D800C05B64 /* Project object */;
}
